
Microsoft Visual Studio Solution File, Format Version 12.00
# Visual Studio Version 17
VisualStudioVersion = 17.0.32126.317
MinimumVisualStudioVersion = 10.0.40219.1
Project("{9A19103F-16F7-4668-BE54-9A1E7A4F7556}") = "AbbyWeb", "AbbyWeb\AbbyWeb.csproj", "{30B32F59-24E5-4997-81CB-620E2E3C36CB}"
EndProject
Global
	GlobalSection(SolutionConfigurationPlatforms) = preSolution
		Debug|Any CPU = Debug|Any CPU
		Release|Any CPU = Release|Any CPU
	EndGlobalSection
	GlobalSection(ProjectConfigurationPlatforms) = postSolution
		{30B32F59-24E5-4997-81CB-620E2E3C36CB}.Debug|Any CPU.ActiveCfg = Debug|Any CPU
		{30B32F59-24E5-4997-81CB-620E2E3C36CB}.Debug|Any CPU.Build.0 = Debug|Any CPU
		{30B32F59-24E5-4997-81CB-620E2E3C36CB}.Release|Any CPU.ActiveCfg = Release|Any CPU
		{30B32F59-24E5-4997-81CB-620E2E3C36CB}.Release|Any CPU.Build.0 = Release|Any CPU
	EndGlobalSection
	GlobalSection(SolutionProperties) = preSolution
		HideSolutionNode = FALSE
	EndGlobalSection
	GlobalSection(ExtensibilityGlobals) = postSolution
		SolutionGuid = {CFBDF804-CBE4-45CA-BCB5-07CAAFC559AB}
	EndGlobalSection
EndGlobal
